
Microsoft Visual Studio Solution File, Format Version 12.00
# Visual Studio Version 17
VisualStudioVersion = 17.8.34511.84
MinimumVisualStudioVersion = 10.0.40219.1
Project("{8BC9CEB8-8B4A-11D0-8D11-00A0C91BC942}") = "CppCLR_WinFormsProject1", "CppCLR_WinFormsProject1\CppCLR_WinFormsProject1.vcxproj", "{55C45E16-C18B-4B2F-9E14-70D05CD8DF1A}"
EndProject
Global
	GlobalSection(SolutionConfigurationPlatforms) = preSolution
		Debug|x64 = Debug|x64
		Debug|x86 = Debug|x86
		Release|x64 = Release|x64
		Release|x86 = Release|x86
	EndGlobalSection
	GlobalSection(ProjectConfigurationPlatforms) = postSolution
		{55C45E16-C18B-4B2F-9E14-70D05CD8DF1A}.Debug|x64.ActiveCfg = Debug|x64
		{55C45E16-C18B-4B2F-9E14-70D05CD8DF1A}.Debug|x64.Build.0 = Debug|x64
		{55C45E16-C18B-4B2F-9E14-70D05CD8DF1A}.Debug|x86.ActiveCfg = Debug|Win32
		{55C45E16-C18B-4B2F-9E14-70D05CD8DF1A}.Debug|x86.Build.0 = Debug|Win32
		{55C45E16-C18B-4B2F-9E14-70D05CD8DF1A}.Release|x64.ActiveCfg = Release|x64
		{55C45E16-C18B-4B2F-9E14-70D05CD8DF1A}.Release|x64.Build.0 = Release|x64
		{55C45E16-C18B-4B2F-9E14-70D05CD8DF1A}.Release|x86.ActiveCfg = Release|Win32
		{55C45E16-C18B-4B2F-9E14-70D05CD8DF1A}.Release|x86.Build.0 = Release|Win32
	EndGlobalSection
	GlobalSection(SolutionProperties) = preSolution
		HideSolutionNode = FALSE
	EndGlobalSection
	GlobalSection(ExtensibilityGlobals) = postSolution
		SolutionGuid = {62EF0683-3515-4EC1-9344-A8286F4F53CB}
	EndGlobalSection
EndGlobal
